
Microsoft Visual Studio Solution File, Format Version 12.00
# Visual Studio Version 17
VisualStudioVersion = 17.0.31903.59
MinimumVisualStudioVersion = 10.0.40219.1
Project("{FAE04EC0-301F-11D3-BF4B-00C04F79EFBC}") = "V-Eval-Identity_Service.Domain", "V-Eval-Identity_Service.Domain\V-Eval-Identity_Service.Domain.csproj", "{0106E8A9-C924-4DD6-8DAF-ABB306A98B1B}"
EndProject
Project("{FAE04EC0-301F-11D3-BF4B-00C04F79EFBC}") = "V-Eval-Identity_Service.Application", "V-Eval-Identity_Service.Application\V-Eval-Identity_Service.Application.csproj", "{32D79D78-2466-4297-87A2-3614A4D38B7F}"
EndProject
Project("{FAE04EC0-301F-11D3-BF4B-00C04F79EFBC}") = "V-Eval-Identity_Service.Infrastructure", "V-Eval-Identity_Service.Infrastructure\V-Eval-Identity_Service.Infrastructure.csproj", "{BC692FB5-AD19-482A-9997-A86863FFA63D}"
EndProject
Project("{FAE04EC0-301F-11D3-BF4B-00C04F79EFBC}") = "V-Eval-Identity_Service.API", "V-Eval-Identity_Service.API\V-Eval-Identity_Service.API.csproj", "{4507E882-B8FD-481C-8924-0276E0718446}"
EndProject
Global
	GlobalSection(SolutionConfigurationPlatforms) = preSolution
		Debug|Any CPU = Debug|Any CPU
		Debug|x64 = Debug|x64
		Debug|x86 = Debug|x86
		Release|Any CPU = Release|Any CPU
		Release|x64 = Release|x64
		Release|x86 = Release|x86
	EndGlobalSection
	GlobalSection(ProjectConfigurationPlatforms) = postSolution
		{0106E8A9-C924-4DD6-8DAF-ABB306A98B1B}.Debug|Any CPU.ActiveCfg = Debug|Any CPU
		{0106E8A9-C924-4DD6-8DAF-ABB306A98B1B}.Debug|Any CPU.Build.0 = Debug|Any CPU
		{0106E8A9-C924-4DD6-8DAF-ABB306A98B1B}.Debug|x64.ActiveCfg = Debug|Any CPU
		{0106E8A9-C924-4DD6-8DAF-ABB306A98B1B}.Debug|x64.Build.0 = Debug|Any CPU
		{0106E8A9-C924-4DD6-8DAF-ABB306A98B1B}.Debug|x86.ActiveCfg = Debug|Any CPU
		{0106E8A9-C924-4DD6-8DAF-ABB306A98B1B}.Debug|x86.Build.0 = Debug|Any CPU
		{0106E8A9-C924-4DD6-8DAF-ABB306A98B1B}.Release|Any CPU.ActiveCfg = Release|Any CPU
		{0106E8A9-C924-4DD6-8DAF-ABB306A98B1B}.Release|Any CPU.Build.0 = Release|Any CPU
		{0106E8A9-C924-4DD6-8DAF-ABB306A98B1B}.Release|x64.ActiveCfg = Release|Any CPU
		{0106E8A9-C924-4DD6-8DAF-ABB306A98B1B}.Release|x64.Build.0 = Release|Any CPU
		{0106E8A9-C924-4DD6-8DAF-ABB306A98B1B}.Release|x86.ActiveCfg = Release|Any CPU
		{0106E8A9-C924-4DD6-8DAF-ABB306A98B1B}.Release|x86.Build.0 = Release|Any CPU
		{32D79D78-2466-4297-87A2-3614A4D38B7F}.Debug|Any CPU.ActiveCfg = Debug|Any CPU
		{32D79D78-2466-4297-87A2-3614A4D38B7F}.Debug|Any CPU.Build.0 = Debug|Any CPU
		{32D79D78-2466-4297-87A2-3614A4D38B7F}.Debug|x64.ActiveCfg = Debug|Any CPU
		{32D79D78-2466-4297-87A2-3614A4D38B7F}.Debug|x64.Build.0 = Debug|Any CPU
		{32D79D78-2466-4297-87A2-3614A4D38B7F}.Debug|x86.ActiveCfg = Debug|Any CPU
		{32D79D78-2466-4297-87A2-3614A4D38B7F}.Debug|x86.Build.0 = Debug|Any CPU
		{32D79D78-2466-4297-87A2-3614A4D38B7F}.Release|Any CPU.ActiveCfg = Release|Any CPU
		{32D79D78-2466-4297-87A2-3614A4D38B7F}.Release|Any CPU.Build.0 = Release|Any CPU
		{32D79D78-2466-4297-87A2-3614A4D38B7F}.Release|x64.ActiveCfg = Release|Any CPU
		{32D79D78-2466-4297-87A2-3614A4D38B7F}.Release|x64.Build.0 = Release|Any CPU
		{32D79D78-2466-4297-87A2-3614A4D38B7F}.Release|x86.ActiveCfg = Release|Any CPU
		{32D79D78-2466-4297-87A2-3614A4D38B7F}.Release|x86.Build.0 = Release|Any CPU
		{BC692FB5-AD19-482A-9997-A86863FFA63D}.Debug|Any CPU.ActiveCfg = Debug|Any CPU
		{BC692FB5-AD19-482A-9997-A86863FFA63D}.Debug|Any CPU.Build.0 = Debug|Any CPU
		{BC692FB5-AD19-482A-9997-A86863FFA63D}.Debug|x64.ActiveCfg = Debug|Any CPU
		{BC692FB5-AD19-482A-9997-A86863FFA63D}.Debug|x64.Build.0 = Debug|Any CPU
		{BC692FB5-AD19-482A-9997-A86863FFA63D}.Debug|x86.ActiveCfg = Debug|Any CPU
		{BC692FB5-AD19-482A-9997-A86863FFA63D}.Debug|x86.Build.0 = Debug|Any CPU
		{BC692FB5-AD19-482A-9997-A86863FFA63D}.Release|Any CPU.ActiveCfg = Release|Any CPU
		{BC692FB5-AD19-482A-9997-A86863FFA63D}.Release|Any CPU.Build.0 = Release|Any CPU
		{BC692FB5-AD19-482A-9997-A86863FFA63D}.Release|x64.ActiveCfg = Release|Any CPU
		{BC692FB5-AD19-482A-9997-A86863FFA63D}.Release|x64.Build.0 = Release|Any CPU
		{BC692FB5-AD19-482A-9997-A86863FFA63D}.Release|x86.ActiveCfg = Release|Any CPU
		{BC692FB5-AD19-482A-9997-A86863FFA63D}.Release|x86.Build.0 = Release|Any CPU
		{4507E882-B8FD-481C-8924-0276E0718446}.Debug|Any CPU.ActiveCfg = Debug|Any CPU
		{4507E882-B8FD-481C-8924-0276E0718446}.Debug|Any CPU.Build.0 = Debug|Any CPU
		{4507E882-B8FD-481C-8924-0276E0718446}.Debug|x64.ActiveCfg = Debug|Any CPU
		{4507E882-B8FD-481C-8924-0276E0718446}.Debug|x64.Build.0 = Debug|Any CPU
		{4507E882-B8FD-481C-8924-0276E0718446}.Debug|x86.ActiveCfg = Debug|Any CPU
		{4507E882-B8FD-481C-8924-0276E0718446}.Debug|x86.Build.0 = Debug|Any CPU
		{4507E882-B8FD-481C-8924-0276E0718446}.Release|Any CPU.ActiveCfg = Release|Any CPU
		{4507E882-B8FD-481C-8924-0276E0718446}.Release|Any CPU.Build.0 = Release|Any CPU
		{4507E882-B8FD-481C-8924-0276E0718446}.Release|x64.ActiveCfg = Release|Any CPU
		{4507E882-B8FD-481C-8924-0276E0718446}.Release|x64.Build.0 = Release|Any CPU
		{4507E882-B8FD-481C-8924-0276E0718446}.Release|x86.ActiveCfg = Release|Any CPU
		{4507E882-B8FD-481C-8924-0276E0718446}.Release|x86.Build.0 = Release|Any CPU
	EndGlobalSection
	GlobalSection(SolutionProperties) = preSolution
		HideSolutionNode = FALSE
	EndGlobalSection
EndGlobal
